
Microsoft Visual Studio Solution File, Format Version 12.00
# Visual Studio Version 16
VisualStudioVersion = 16.0.31005.135
MinimumVisualStudioVersion = 10.0.40219.1
Project("{FAE04EC0-301F-11D3-BF4B-00C04F79EFBC}") = "StudentDepartmentAssociation", "StudentDepartmentAssociation\StudentDepartmentAssociation.csproj", "{5F627833-59E4-481A-A533-E4B59E331D47}"
EndProject
Global
	GlobalSection(SolutionConfigurationPlatforms) = preSolution
		Debug|Any CPU = Debug|Any CPU
		Release|Any CPU = Release|Any CPU
	EndGlobalSection
	GlobalSection(ProjectConfigurationPlatforms) = postSolution
		{5F627833-59E4-481A-A533-E4B59E331D47}.Debug|Any CPU.ActiveCfg = Debug|Any CPU
		{5F627833-59E4-481A-A533-E4B59E331D47}.Debug|Any CPU.Build.0 = Debug|Any CPU
		{5F627833-59E4-481A-A533-E4B59E331D47}.Release|Any CPU.ActiveCfg = Release|Any CPU
		{5F627833-59E4-481A-A533-E4B59E331D47}.Release|Any CPU.Build.0 = Release|Any CPU
	EndGlobalSection
	GlobalSection(SolutionProperties) = preSolution
		HideSolutionNode = FALSE
	EndGlobalSection
	GlobalSection(ExtensibilityGlobals) = postSolution
		SolutionGuid = {62206ABB-2F0F-4440-859B-74BD0FC1E21C}
	EndGlobalSection
EndGlobal
